
Microsoft Visual Studio Solution File, Format Version 12.00
# Visual Studio Version 17
VisualStudioVersion = 17.5.002.0
MinimumVisualStudioVersion = 10.0.40219.1
Project("{2150E333-8FDC-42A3-9474-1A3956D46DE8}") = "NETCore", "NETCore", "{666CF24B-1483-4351-AC7C-73EDC9188017}"
EndProject
Project("{9A19103F-16F7-4668-BE54-9A1E7A4F7556}") = "Basics", "NETCore\Basics\Basics.csproj", "{039EDCF3-C98E-4FF7-A156-687A2D63189F}"
EndProject
Global
	GlobalSection(SolutionConfigurationPlatforms) = preSolution
		Debug|Any CPU = Debug|Any CPU
		Release|Any CPU = Release|Any CPU
	EndGlobalSection
	GlobalSection(ProjectConfigurationPlatforms) = postSolution
		{039EDCF3-C98E-4FF7-A156-687A2D63189F}.Debug|Any CPU.ActiveCfg = Debug|Any CPU
		{039EDCF3-C98E-4FF7-A156-687A2D63189F}.Debug|Any CPU.Build.0 = Debug|Any CPU
		{039EDCF3-C98E-4FF7-A156-687A2D63189F}.Release|Any CPU.ActiveCfg = Release|Any CPU
		{039EDCF3-C98E-4FF7-A156-687A2D63189F}.Release|Any CPU.Build.0 = Release|Any CPU
	EndGlobalSection
	GlobalSection(SolutionProperties) = preSolution
		HideSolutionNode = FALSE
	EndGlobalSection
	GlobalSection(NestedProjects) = preSolution
		{039EDCF3-C98E-4FF7-A156-687A2D63189F} = {666CF24B-1483-4351-AC7C-73EDC9188017}
	EndGlobalSection
	GlobalSection(ExtensibilityGlobals) = postSolution
		SolutionGuid = {E0D83D56-FD55-4787-8E7F-6A0220721354}
	EndGlobalSection
EndGlobal
