
Microsoft Visual Studio Solution File, Format Version 12.00
# Visual Studio Version 17
VisualStudioVersion = 17.5.002.0
MinimumVisualStudioVersion = 10.0.40219.1
Project("{2150E333-8FDC-42A3-9474-1A3956D46DE8}") = "NETCore", "NETCore", "{35DAFCDE-0AD2-41B9-9B74-DBDF15ACCF5B}"
EndProject
Project("{9A19103F-16F7-4668-BE54-9A1E7A4F7556}") = "Basics", "NETCore\Basics\Basics.csproj", "{B51B3C59-B0B0-4B10-A31E-4A23A0350933}"
EndProject
Global
	GlobalSection(SolutionConfigurationPlatforms) = preSolution
		Debug|Any CPU = Debug|Any CPU
		Release|Any CPU = Release|Any CPU
	EndGlobalSection
	GlobalSection(ProjectConfigurationPlatforms) = postSolution
		{B51B3C59-B0B0-4B10-A31E-4A23A0350933}.Debug|Any CPU.ActiveCfg = Debug|Any CPU
		{B51B3C59-B0B0-4B10-A31E-4A23A0350933}.Debug|Any CPU.Build.0 = Debug|Any CPU
		{B51B3C59-B0B0-4B10-A31E-4A23A0350933}.Release|Any CPU.ActiveCfg = Release|Any CPU
		{B51B3C59-B0B0-4B10-A31E-4A23A0350933}.Release|Any CPU.Build.0 = Release|Any CPU
	EndGlobalSection
	GlobalSection(SolutionProperties) = preSolution
		HideSolutionNode = FALSE
	EndGlobalSection
	GlobalSection(NestedProjects) = preSolution
		{B51B3C59-B0B0-4B10-A31E-4A23A0350933} = {35DAFCDE-0AD2-41B9-9B74-DBDF15ACCF5B}
	EndGlobalSection
	GlobalSection(ExtensibilityGlobals) = postSolution
		SolutionGuid = {2ED3169F-08BD-4430-A3BB-7DD6882C50E1}
	EndGlobalSection
EndGlobal
